// !$*UTF8*$!
{
	archiveVersion = 1;
	classes = {
	};
	objectVersion = 52;
	objects = {

/* Begin PBXBuildFile section */
		49EDA733D72EFC98BD5057D6 /* Pods_Safespace.framework in Frameworks */ = {isa = PBXBuildFile; fileRef = BBA5D4ED11D0592F7D64B644 /* Pods_Safespace.framework */; };
		78112D4826EEB767006BB527 /* BookSessionViewController.swift in Sources */ = {isa = PBXBuildFile; fileRef = 78112D4726EEB767006BB527 /* BookSessionViewController.swift */; };
		78112D4A26EEC073006BB527 /* Session.swift in Sources */ = {isa = PBXBuildFile; fileRef = 78112D4926EEC073006BB527 /* Session.swift */; };
		78112D5026EEC1F0006BB527 /* SessionListTableViewCell.swift in Sources */ = {isa = PBXBuildFile; fileRef = 78112D4E26EEC1F0006BB527 /* SessionListTableViewCell.swift */; };
		78112D5126EEC1F0006BB527 /* SessionListTableViewCell.xib in Resources */ = {isa = PBXBuildFile; fileRef = 78112D4F26EEC1F0006BB527 /* SessionListTableViewCell.xib */; };
		782315A226D708DF00FEC675 /* TherapistListViewController.swift in Sources */ = {isa = PBXBuildFile; fileRef = 782315A126D708DE00FEC675 /* TherapistListViewController.swift */; };
		782315A926D70FBD00FEC675 /* TherapistListTableViewCell.swift in Sources */ = {isa = PBXBuildFile; fileRef = 782315A726D70FBD00FEC675 /* TherapistListTableViewCell.swift */; };
		782315AA26D70FBD00FEC675 /* TherapistListTableViewCell.xib in Resources */ = {isa = PBXBuildFile; fileRef = 782315A826D70FBD00FEC675 /* TherapistListTableViewCell.xib */; };
		782D25AC26E4BB2600AD6D19 /* WebRTC.xcframework in Frameworks */ = {isa = PBXBuildFile; fileRef = 7897ECA026E21917001E8279 /* WebRTC.xcframework */; };
		782D25AD26E4BB2600AD6D19 /* WebRTC.xcframework in Embed Frameworks */ = {isa = PBXBuildFile; fileRef = 7897ECA026E21917001E8279 /* WebRTC.xcframework */; settings = {ATTRIBUTES = (CodeSignOnCopy, RemoveHeadersOnCopy, ); }; };
		7834318226D46FA300C21027 /* AppDelegate.swift in Sources */ = {isa = PBXBuildFile; fileRef = 7834318126D46FA300C21027 /* AppDelegate.swift */; };
		7834318426D46FA300C21027 /* SceneDelegate.swift in Sources */ = {isa = PBXBuildFile; fileRef = 7834318326D46FA300C21027 /* SceneDelegate.swift */; };
		7834318626D46FA300C21027 /* ViewController.swift in Sources */ = {isa = PBXBuildFile; fileRef = 7834318526D46FA300C21027 /* ViewController.swift */; };
		7834318926D46FA300C21027 /* Main.storyboard in Resources */ = {isa = PBXBuildFile; fileRef = 7834318726D46FA300C21027 /* Main.storyboard */; };
		7834318B26D46FA900C21027 /* Assets.xcassets in Resources */ = {isa = PBXBuildFile; fileRef = 7834318A26D46FA900C21027 /* Assets.xcassets */; };
		7834318E26D46FA900C21027 /* LaunchScreen.storyboard in Resources */ = {isa = PBXBuildFile; fileRef = 7834318C26D46FA900C21027 /* LaunchScreen.storyboard */; };
		7834319826D5074400C21027 /* PLoginViewController.swift in Sources */ = {isa = PBXBuildFile; fileRef = 7834319726D5074400C21027 /* PLoginViewController.swift */; };
		7834319A26D5076900C21027 /* PQuestionnaireViewController.swift in Sources */ = {isa = PBXBuildFile; fileRef = 7834319926D5076900C21027 /* PQuestionnaireViewController.swift */; };
		7897EC4E26E1EB68001E8279 /* SessionViewController.swift in Sources */ = {isa = PBXBuildFile; fileRef = 7897EC4D26E1EB68001E8279 /* SessionViewController.swift */; };
		7897EC5126E1F8AE001E8279 /* WebRTC.swift in Sources */ = {isa = PBXBuildFile; fileRef = 7897EC5026E1F8AE001E8279 /* WebRTC.swift */; };
		7897EC9126E2151D001E8279 /* Config.swift in Sources */ = {isa = PBXBuildFile; fileRef = 7897EC7C26E2151D001E8279 /* Config.swift */; };
		7897EC9226E2151D001E8279 /* RTCStates.swift in Sources */ = {isa = PBXBuildFile; fileRef = 7897EC7E26E2151D001E8279 /* RTCStates.swift */; };
		7897EC9326E2151D001E8279 /* SessionDescription.swift in Sources */ = {isa = PBXBuildFile; fileRef = 7897EC7F26E2151D001E8279 /* SessionDescription.swift */; };
		7897EC9426E2151D001E8279 /* IceCandidate.swift in Sources */ = {isa = PBXBuildFile; fileRef = 7897EC8026E2151D001E8279 /* IceCandidate.swift */; };
		7897EC9526E2151D001E8279 /* VideoViewController.xib in Resources */ = {isa = PBXBuildFile; fileRef = 7897EC8326E2151D001E8279 /* VideoViewController.xib */; };
		7897EC9626E2151D001E8279 /* VideoViewController.swift in Sources */ = {isa = PBXBuildFile; fileRef = 7897EC8426E2151D001E8279 /* VideoViewController.swift */; };
		7897EC9A26E2151D001E8279 /* Message.swift in Sources */ = {isa = PBXBuildFile; fileRef = 7897EC8A26E2151D001E8279 /* Message.swift */; };
		7897EC9B26E2151D001E8279 /* WebSocketProvider.swift in Sources */ = {isa = PBXBuildFile; fileRef = 7897EC8C26E2151D001E8279 /* WebSocketProvider.swift */; };
		7897EC9C26E2151D001E8279 /* NativeWebSocket.swift in Sources */ = {isa = PBXBuildFile; fileRef = 7897EC8D26E2151D001E8279 /* NativeWebSocket.swift */; };
		7897EC9D26E2151D001E8279 /* StarscreamProvider.swift in Sources */ = {isa = PBXBuildFile; fileRef = 7897EC8E26E2151D001E8279 /* StarscreamProvider.swift */; };
		7897EC9E26E2151D001E8279 /* WebRTCClient.swift in Sources */ = {isa = PBXBuildFile; fileRef = 7897EC8F26E2151D001E8279 /* WebRTCClient.swift */; };
		7897EC9F26E2151D001E8279 /* SignalingClient.swift in Sources */ = {isa = PBXBuildFile; fileRef = 7897EC9026E2151D001E8279 /* SignalingClient.swift */; };
		78BA0CEC26D6E8A500093DD8 /* PSignupViewController.swift in Sources */ = {isa = PBXBuildFile; fileRef = 78BA0CEB26D6E8A500093DD8 /* PSignupViewController.swift */; };
		78BA0CEE26D6EFB200093DD8 /* Colors.xcassets in Resources */ = {isa = PBXBuildFile; fileRef = 78BA0CED26D6EFB200093DD8 /* Colors.xcassets */; };
		78F31E9526ED391500BE392C /* Connection.swift in Sources */ = {isa = PBXBuildFile; fileRef = 78F31E9426ED391500BE392C /* Connection.swift */; };
		78F31E9726EEA54300BE392C /* TherapistProfileViewController.swift in Sources */ = {isa = PBXBuildFile; fileRef = 78F31E9626EEA54300BE392C /* TherapistProfileViewController.swift */; };
/* End PBXBuildFile section */

/* Begin PBXCopyFilesBuildPhase section */
		782D25AE26E4BB2600AD6D19 /* Embed Frameworks */ = {
			isa = PBXCopyFilesBuildPhase;
			buildActionMask = 2147483647;
			dstPath = "";
			dstSubfolderSpec = 10;
			files = (
				782D25AD26E4BB2600AD6D19 /* WebRTC.xcframework in Embed Frameworks */,
			);
			name = "Embed Frameworks";
			runOnlyForDeploymentPostprocessing = 0;
		};
/* End PBXCopyFilesBuildPhase section */

/* Begin PBXFileReference section */
		014F4D971CC7DBA5F0243CEB /* Pods-Safespace.release.xcconfig */ = {isa = PBXFileReference; includeInIndex = 1; lastKnownFileType = text.xcconfig; name = "Pods-Safespace.release.xcconfig"; path = "Target Support Files/Pods-Safespace/Pods-Safespace.release.xcconfig"; sourceTree = "<group>"; };
		34B748E5927FF1464FE56CEA /* Pods-Safespace.debug.xcconfig */ = {isa = PBXFileReference; includeInIndex = 1; lastKnownFileType = text.xcconfig; name = "Pods-Safespace.debug.xcconfig"; path = "Target Support Files/Pods-Safespace/Pods-Safespace.debug.xcconfig"; sourceTree = "<group>"; };
		78112D4726EEB767006BB527 /* BookSessionViewController.swift */ = {isa = PBXFileReference; lastKnownFileType = sourcecode.swift; path = BookSessionViewController.swift; sourceTree = "<group>"; };
		78112D4926EEC073006BB527 /* Session.swift */ = {isa = PBXFileReference; lastKnownFileType = sourcecode.swift; path = Session.swift; sourceTree = "<group>"; };
		78112D4E26EEC1F0006BB527 /* SessionListTableViewCell.swift */ = {isa = PBXFileReference; lastKnownFileType = sourcecode.swift; path = SessionListTableViewCell.swift; sourceTree = "<group>"; };
		78112D4F26EEC1F0006BB527 /* SessionListTableViewCell.xib */ = {isa = PBXFileReference; lastKnownFileType = file.xib; path = SessionListTableViewCell.xib; sourceTree = "<group>"; };
		782315A126D708DE00FEC675 /* TherapistListViewController.swift */ = {isa = PBXFileReference; lastKnownFileType = sourcecode.swift; path = TherapistListViewController.swift; sourceTree = "<group>"; };
		782315A726D70FBD00FEC675 /* TherapistListTableViewCell.swift */ = {isa = PBXFileReference; lastKnownFileType = sourcecode.swift; name = TherapistListTableViewCell.swift; path = Controller/TherapistListTableViewCell.swift; sourceTree = "<group>"; };
		782315A826D70FBD00FEC675 /* TherapistListTableViewCell.xib */ = {isa = PBXFileReference; lastKnownFileType = file.xib; path = TherapistListTableViewCell.xib; sourceTree = "<group>"; };
		782D25AB26E4BA7900AD6D19 /* WebRTC.xcframework */ = {isa = PBXFileReference; lastKnownFileType = wrapper.xcframework; path = WebRTC.xcframework; sourceTree = SOURCE_ROOT; };
		7834317E26D46FA300C21027 /* Safespace.app */ = {isa = PBXFileReference; explicitFileType = wrapper.application; includeInIndex = 0; path = Safespace.app; sourceTree = BUILT_PRODUCTS_DIR; };
		7834318126D46FA300C21027 /* AppDelegate.swift */ = {isa = PBXFileReference; lastKnownFileType = sourcecode.swift; path = AppDelegate.swift; sourceTree = "<group>"; };
		7834318326D46FA300C21027 /* SceneDelegate.swift */ = {isa = PBXFileReference; lastKnownFileType = sourcecode.swift; path = SceneDelegate.swift; sourceTree = "<group>"; };
		7834318526D46FA300C21027 /* ViewController.swift */ = {isa = PBXFileReference; lastKnownFileType = sourcecode.swift; path = ViewController.swift; sourceTree = "<group>"; };
		7834318826D46FA300C21027 /* Base */ = {isa = PBXFileReference; lastKnownFileType = file.storyboard; name = Base; path = Base.lproj/Main.storyboard; sourceTree = "<group>"; };
		7834318A26D46FA900C21027 /* Assets.xcassets */ = {isa = PBXFileReference; lastKnownFileType = folder.assetcatalog; path = Assets.xcassets; sourceTree = "<group>"; };
		7834318D26D46FA900C21027 /* Base */ = {isa = PBXFileReference; lastKnownFileType = file.storyboard; name = Base; path = Base.lproj/LaunchScreen.storyboard; sourceTree = "<group>"; };
		7834318F26D46FA900C21027 /* Info.plist */ = {isa = PBXFileReference; lastKnownFileType = text.plist.xml; path = Info.plist; sourceTree = "<group>"; };
		7834319726D5074400C21027 /* PLoginViewController.swift */ = {isa = PBXFileReference; lastKnownFileType = sourcecode.swift; path = PLoginViewController.swift; sourceTree = "<group>"; };
		7834319926D5076900C21027 /* PQuestionnaireViewController.swift */ = {isa = PBXFileReference; lastKnownFileType = sourcecode.swift; path = PQuestionnaireViewController.swift; sourceTree = "<group>"; };
		7897EC4D26E1EB68001E8279 /* SessionViewController.swift */ = {isa = PBXFileReference; lastKnownFileType = sourcecode.swift; path = SessionViewController.swift; sourceTree = "<group>"; };
		7897EC5026E1F8AE001E8279 /* WebRTC.swift */ = {isa = PBXFileReference; lastKnownFileType = sourcecode.swift; path = WebRTC.swift; sourceTree = "<group>"; };
		7897EC7C26E2151D001E8279 /* Config.swift */ = {isa = PBXFileReference; fileEncoding = 4; lastKnownFileType = sourcecode.swift; path = Config.swift; sourceTree = "<group>"; };
		7897EC7E26E2151D001E8279 /* RTCStates.swift */ = {isa = PBXFileReference; fileEncoding = 4; lastKnownFileType = sourcecode.swift; path = RTCStates.swift; sourceTree = "<group>"; };
		7897EC7F26E2151D001E8279 /* SessionDescription.swift */ = {isa = PBXFileReference; fileEncoding = 4; lastKnownFileType = sourcecode.swift; path = SessionDescription.swift; sourceTree = "<group>"; };
		7897EC8026E2151D001E8279 /* IceCandidate.swift */ = {isa = PBXFileReference; fileEncoding = 4; lastKnownFileType = sourcecode.swift; path = IceCandidate.swift; sourceTree = "<group>"; };
		7897EC8326E2151D001E8279 /* VideoViewController.xib */ = {isa = PBXFileReference; fileEncoding = 4; lastKnownFileType = file.xib; path = VideoViewController.xib; sourceTree = "<group>"; };
		7897EC8426E2151D001E8279 /* VideoViewController.swift */ = {isa = PBXFileReference; fileEncoding = 4; lastKnownFileType = sourcecode.swift; path = VideoViewController.swift; sourceTree = "<group>"; };
		7897EC8A26E2151D001E8279 /* Message.swift */ = {isa = PBXFileReference; fileEncoding = 4; lastKnownFileType = sourcecode.swift; path = Message.swift; sourceTree = "<group>"; };
		7897EC8C26E2151D001E8279 /* WebSocketProvider.swift */ = {isa = PBXFileReference; fileEncoding = 4; lastKnownFileType = sourcecode.swift; path = WebSocketProvider.swift; sourceTree = "<group>"; };
		7897EC8D26E2151D001E8279 /* NativeWebSocket.swift */ = {isa = PBXFileReference; fileEncoding = 4; lastKnownFileType = sourcecode.swift; path = NativeWebSocket.swift; sourceTree = "<group>"; };
		7897EC8E26E2151D001E8279 /* StarscreamProvider.swift */ = {isa = PBXFileReference; fileEncoding = 4; lastKnownFileType = sourcecode.swift; path = StarscreamProvider.swift; sourceTree = "<group>"; };
		7897EC8F26E2151D001E8279 /* WebRTCClient.swift */ = {isa = PBXFileReference; fileEncoding = 4; lastKnownFileType = sourcecode.swift; path = WebRTCClient.swift; sourceTree = "<group>"; };
		7897EC9026E2151D001E8279 /* SignalingClient.swift */ = {isa = PBXFileReference; fileEncoding = 4; lastKnownFileType = sourcecode.swift; path = SignalingClient.swift; sourceTree = "<group>"; };
		7897ECA026E21917001E8279 /* WebRTC.xcframework */ = {isa = PBXFileReference; lastKnownFileType = wrapper.xcframework; path = WebRTC.xcframework; sourceTree = "<group>"; };
		78BA0CEB26D6E8A500093DD8 /* PSignupViewController.swift */ = {isa = PBXFileReference; lastKnownFileType = sourcecode.swift; path = PSignupViewController.swift; sourceTree = "<group>"; };
		78BA0CED26D6EFB200093DD8 /* Colors.xcassets */ = {isa = PBXFileReference; lastKnownFileType = folder.assetcatalog; path = Colors.xcassets; sourceTree = "<group>"; };
		78F31E9426ED391500BE392C /* Connection.swift */ = {isa = PBXFileReference; lastKnownFileType = sourcecode.swift; path = Connection.swift; sourceTree = "<group>"; };
		78F31E9626EEA54300BE392C /* TherapistProfileViewController.swift */ = {isa = PBXFileReference; lastKnownFileType = sourcecode.swift; path = TherapistProfileViewController.swift; sourceTree = "<group>"; };
		BBA5D4ED11D0592F7D64B644 /* Pods_Safespace.framework */ = {isa = PBXFileReference; explicitFileType = wrapper.framework; includeInIndex = 0; path = Pods_Safespace.framework; sourceTree = BUILT_PRODUCTS_DIR; };
/* End PBXFileReference section */

/* Begin PBXFrameworksBuildPhase section */
		7834317B26D46FA300C21027 /* Frameworks */ = {
			isa = PBXFrameworksBuildPhase;
			buildActionMask = 2147483647;
			files = (
				782D25AC26E4BB2600AD6D19 /* WebRTC.xcframework in Frameworks */,
				49EDA733D72EFC98BD5057D6 /* Pods_Safespace.framework in Frameworks */,
			);
			runOnlyForDeploymentPostprocessing = 0;
		};
/* End PBXFrameworksBuildPhase section */

/* Begin PBXGroup section */
		78112D4B26EEC07C006BB527 /* Rtc */ = {
			isa = PBXGroup;
			children = (
				7897EC8026E2151D001E8279 /* IceCandidate.swift */,
				7897EC7F26E2151D001E8279 /* SessionDescription.swift */,
				7897EC5026E1F8AE001E8279 /* WebRTC.swift */,
				78F31E9426ED391500BE392C /* Connection.swift */,
			);
			path = Rtc;
			sourceTree = "<group>";
		};
		7834317526D46FA200C21027 = {
			isa = PBXGroup;
			children = (
				7834318026D46FA300C21027 /* Safespace */,
				7834317F26D46FA300C21027 /* Products */,
				9E403A5B12404967A52143D3 /* Pods */,
				7897ECA026E21917001E8279 /* WebRTC.xcframework */,
				DBA1EC07ED0C4EA5CB4C6BDF /* Frameworks */,
			);
			sourceTree = "<group>";
		};
		7834317F26D46FA300C21027 /* Products */ = {
			isa = PBXGroup;
			children = (
				7834317E26D46FA300C21027 /* Safespace.app */,
			);
			name = Products;
			sourceTree = "<group>";
		};
		7834318026D46FA300C21027 /* Safespace */ = {
			isa = PBXGroup;
			children = (
				7897EC4F26E1F891001E8279 /* Models */,
				782315A726D70FBD00FEC675 /* TherapistListTableViewCell.swift */,
				78112D4E26EEC1F0006BB527 /* SessionListTableViewCell.swift */,
				7834318126D46FA300C21027 /* AppDelegate.swift */,
				7834318326D46FA300C21027 /* SceneDelegate.swift */,
				7897EC7B26E2151D001E8279 /* Config */,
				7897EC7D26E2151D001E8279 /* Extensions */,
				7897EC8926E2151D001E8279 /* WebRtcServices */,
				7834319626D5070400C21027 /* Controller */,
				7834319526D4918E00C21027 /* View */,
				7834318A26D46FA900C21027 /* Assets.xcassets */,
				78BA0CED26D6EFB200093DD8 /* Colors.xcassets */,
				7834318F26D46FA900C21027 /* Info.plist */,
			);
			path = Safespace;
			sourceTree = "<group>";
		};
		7834319526D4918E00C21027 /* View */ = {
			isa = PBXGroup;
			children = (
				7897EC8326E2151D001E8279 /* VideoViewController.xib */,
				782315A826D70FBD00FEC675 /* TherapistListTableViewCell.xib */,
				7834318C26D46FA900C21027 /* LaunchScreen.storyboard */,
				7834318726D46FA300C21027 /* Main.storyboard */,
				78112D4F26EEC1F0006BB527 /* SessionListTableViewCell.xib */,
			);
			path = View;
			sourceTree = "<group>";
		};
		7834319626D5070400C21027 /* Controller */ = {
			isa = PBXGroup;
			children = (
				7834318526D46FA300C21027 /* ViewController.swift */,
				7834319726D5074400C21027 /* PLoginViewController.swift */,
				7834319926D5076900C21027 /* PQuestionnaireViewController.swift */,
				78BA0CEB26D6E8A500093DD8 /* PSignupViewController.swift */,
				782315A126D708DE00FEC675 /* TherapistListViewController.swift */,
				7897EC4D26E1EB68001E8279 /* SessionViewController.swift */,
				7897EC8426E2151D001E8279 /* VideoViewController.swift */,
				78F31E9626EEA54300BE392C /* TherapistProfileViewController.swift */,
				78112D4726EEB767006BB527 /* BookSessionViewController.swift */,
			);
			path = Controller;
			sourceTree = "<group>";
		};
		7897EC4F26E1F891001E8279 /* Models */ = {
			isa = PBXGroup;
			children = (
				78112D4B26EEC07C006BB527 /* Rtc */,
				78112D4926EEC073006BB527 /* Session.swift */,
			);
			path = Models;
			sourceTree = "<group>";
		};
		7897EC7B26E2151D001E8279 /* Config */ = {
			isa = PBXGroup;
			children = (
				7897EC7C26E2151D001E8279 /* Config.swift */,
			);
			path = Config;
			sourceTree = "<group>";
		};
		7897EC7D26E2151D001E8279 /* Extensions */ = {
			isa = PBXGroup;
			children = (
				7897EC7E26E2151D001E8279 /* RTCStates.swift */,
			);
			path = Extensions;
			sourceTree = "<group>";
		};
		7897EC8926E2151D001E8279 /* WebRtcServices */ = {
			isa = PBXGroup;
			children = (
				7897EC8A26E2151D001E8279 /* Message.swift */,
				7897EC8B26E2151D001E8279 /* WebSocketProvider */,
				7897EC8F26E2151D001E8279 /* WebRTCClient.swift */,
				7897EC9026E2151D001E8279 /* SignalingClient.swift */,
			);
			path = WebRtcServices;
			sourceTree = "<group>";
		};
		7897EC8B26E2151D001E8279 /* WebSocketProvider */ = {
			isa = PBXGroup;
			children = (
				7897EC8C26E2151D001E8279 /* WebSocketProvider.swift */,
				7897EC8D26E2151D001E8279 /* NativeWebSocket.swift */,
				7897EC8E26E2151D001E8279 /* StarscreamProvider.swift */,
			);
			path = WebSocketProvider;
			sourceTree = "<group>";
		};
		9E403A5B12404967A52143D3 /* Pods */ = {
			isa = PBXGroup;
			children = (
				782D25AB26E4BA7900AD6D19 /* WebRTC.xcframework */,
				34B748E5927FF1464FE56CEA /* Pods-Safespace.debug.xcconfig */,
				014F4D971CC7DBA5F0243CEB /* Pods-Safespace.release.xcconfig */,
			);
			path = Pods;
			sourceTree = "<group>";
		};
		DBA1EC07ED0C4EA5CB4C6BDF /* Frameworks */ = {
			isa = PBXGroup;
			children = (
				BBA5D4ED11D0592F7D64B644 /* Pods_Safespace.framework */,
			);
			name = Frameworks;
			sourceTree = "<group>";
		};
/* End PBXGroup section */

/* Begin PBXNativeTarget section */
		7834317D26D46FA300C21027 /* Safespace */ = {
			isa = PBXNativeTarget;
			buildConfigurationList = 7834319226D46FA900C21027 /* Build configuration list for PBXNativeTarget "Safespace" */;
			buildPhases = (
				0D3515ADAA3523818C1DB799 /* [CP] Check Pods Manifest.lock */,
				7834317A26D46FA300C21027 /* Sources */,
				7834317B26D46FA300C21027 /* Frameworks */,
				7834317C26D46FA300C21027 /* Resources */,
				65E08CA9ABB72BB6AE918DFD /* [CP] Embed Pods Frameworks */,
				782D25AE26E4BB2600AD6D19 /* Embed Frameworks */,
			);
			buildRules = (
			);
			dependencies = (
			);
			name = Safespace;
			productName = Safespace;
			productReference = 7834317E26D46FA300C21027 /* Safespace.app */;
			productType = "com.apple.product-type.application";
		};
/* End PBXNativeTarget section */

/* Begin PBXProject section */
		7834317626D46FA200C21027 /* Project object */ = {
			isa = PBXProject;
			attributes = {
				LastSwiftUpdateCheck = 1250;
				LastUpgradeCheck = 1250;
				TargetAttributes = {
					7834317D26D46FA300C21027 = {
						CreatedOnToolsVersion = 12.5.1;
					};
				};
			};
			buildConfigurationList = 7834317926D46FA300C21027 /* Build configuration list for PBXProject "Safespace" */;
			compatibilityVersion = "Xcode 9.3";
			developmentRegion = en;
			hasScannedForEncodings = 0;
			knownRegions = (
				en,
				Base,
			);
			mainGroup = 7834317526D46FA200C21027;
			productRefGroup = 7834317F26D46FA300C21027 /* Products */;
			projectDirPath = "";
			projectRoot = "";
			targets = (
				7834317D26D46FA300C21027 /* Safespace */,
			);
		};
/* End PBXProject section */

/* Begin PBXResourcesBuildPhase section */
		7834317C26D46FA300C21027 /* Resources */ = {
			isa = PBXResourcesBuildPhase;
			buildActionMask = 2147483647;
			files = (
				7834318E26D46FA900C21027 /* LaunchScreen.storyboard in Resources */,
				78112D5126EEC1F0006BB527 /* SessionListTableViewCell.xib in Resources */,
				78BA0CEE26D6EFB200093DD8 /* Colors.xcassets in Resources */,
				7897EC9526E2151D001E8279 /* VideoViewController.xib in Resources */,
				7834318B26D46FA900C21027 /* Assets.xcassets in Resources */,
				7834318926D46FA300C21027 /* Main.storyboard in Resources */,
				782315AA26D70FBD00FEC675 /* TherapistListTableViewCell.xib in Resources */,
			);
			runOnlyForDeploymentPostprocessing = 0;
		};
/* End PBXResourcesBuildPhase section */

/* Begin PBXShellScriptBuildPhase section */
		0D3515ADAA3523818C1DB799 /* [CP] Check Pods Manifest.lock */ = {
			isa = PBXShellScriptBuildPhase;
			buildActionMask = 2147483647;
			files = (
			);
			inputFileListPaths = (
			);
			inputPaths = (
				"${PODS_PODFILE_DIR_PATH}/Podfile.lock",
				"${PODS_ROOT}/Manifest.lock",
			);
			name = "[CP] Check Pods Manifest.lock";
			outputFileListPaths = (
			);
			outputPaths = (
				"$(DERIVED_FILE_DIR)/Pods-Safespace-checkManifestLockResult.txt",
			);
			runOnlyForDeploymentPostprocessing = 0;
			shellPath = /bin/sh;
			shellScript = "diff \"${PODS_PODFILE_DIR_PATH}/Podfile.lock\" \"${PODS_ROOT}/Manifest.lock\" > /dev/null\nif [ $? != 0 ] ; then\n    # print error to STDERR\n    echo \"error: The sandbox is not in sync with the Podfile.lock. Run 'pod install' or update your CocoaPods installation.\" >&2\n    exit 1\nfi\n# This output is used by Xcode 'outputs' to avoid re-running this script phase.\necho \"SUCCESS\" > \"${SCRIPT_OUTPUT_FILE_0}\"\n";
			showEnvVarsInLog = 0;
		};
		65E08CA9ABB72BB6AE918DFD /* [CP] Embed Pods Frameworks */ = {
			isa = PBXShellScriptBuildPhase;
			buildActionMask = 2147483647;
			files = (
			);
			inputFileListPaths = (
				"${PODS_ROOT}/Target Support Files/Pods-Safespace/Pods-Safespace-frameworks-${CONFIGURATION}-input-files.xcfilelist",
			);
			name = "[CP] Embed Pods Frameworks";
			outputFileListPaths = (
				"${PODS_ROOT}/Target Support Files/Pods-Safespace/Pods-Safespace-frameworks-${CONFIGURATION}-output-files.xcfilelist",
			);
			runOnlyForDeploymentPostprocessing = 0;
			shellPath = /bin/sh;
			shellScript = "\"${PODS_ROOT}/Target Support Files/Pods-Safespace/Pods-Safespace-frameworks.sh\"\n";
			showEnvVarsInLog = 0;
		};
/* End PBXShellScriptBuildPhase section */

/* Begin PBXSourcesBuildPhase section */
		7834317A26D46FA300C21027 /* Sources */ = {
			isa = PBXSourcesBuildPhase;
			buildActionMask = 2147483647;
			files = (
				78112D4826EEB767006BB527 /* BookSessionViewController.swift in Sources */,
				782315A226D708DF00FEC675 /* TherapistListViewController.swift in Sources */,
				78F31E9526ED391500BE392C /* Connection.swift in Sources */,
				7897EC9B26E2151D001E8279 /* WebSocketProvider.swift in Sources */,
				7897EC9C26E2151D001E8279 /* NativeWebSocket.swift in Sources */,
				7834318626D46FA300C21027 /* ViewController.swift in Sources */,
				7897EC5126E1F8AE001E8279 /* WebRTC.swift in Sources */,
				78F31E9726EEA54300BE392C /* TherapistProfileViewController.swift in Sources */,
				7897EC9A26E2151D001E8279 /* Message.swift in Sources */,
				7897EC9D26E2151D001E8279 /* StarscreamProvider.swift in Sources */,
				78112D5026EEC1F0006BB527 /* SessionListTableViewCell.swift in Sources */,
				78112D4A26EEC073006BB527 /* Session.swift in Sources */,
				7897EC9226E2151D001E8279 /* RTCStates.swift in Sources */,
				78BA0CEC26D6E8A500093DD8 /* PSignupViewController.swift in Sources */,
				7897EC9E26E2151D001E8279 /* WebRTCClient.swift in Sources */,
				7897EC9126E2151D001E8279 /* Config.swift in Sources */,
				7897EC9326E2151D001E8279 /* SessionDescription.swift in Sources */,
				7897EC9426E2151D001E8279 /* IceCandidate.swift in Sources */,
				7897EC9F26E2151D001E8279 /* SignalingClient.swift in Sources */,
				7897EC9626E2151D001E8279 /* VideoViewController.swift in Sources */,
				7834319826D5074400C21027 /* PLoginViewController.swift in Sources */,
				782315A926D70FBD00FEC675 /* TherapistListTableViewCell.swift in Sources */,
				7834319A26D5076900C21027 /* PQuestionnaireViewController.swift in Sources */,
				7834318226D46FA300C21027 /* AppDelegate.swift in Sources */,
				7897EC4E26E1EB68001E8279 /* SessionViewController.swift in Sources */,
				7834318426D46FA300C21027 /* SceneDelegate.swift in Sources */,
			);
			runOnlyForDeploymentPostprocessing = 0;
		};
/* End PBXSourcesBuildPhase section */

/* Begin PBXVariantGroup section */
		7834318726D46FA300C21027 /* Main.storyboard */ = {
			isa = PBXVariantGroup;
			children = (
				7834318826D46FA300C21027 /* Base */,
			);
			name = Main.storyboard;
			sourceTree = "<group>";
		};
		7834318C26D46FA900C21027 /* LaunchScreen.storyboard */ = {
			isa = PBXVariantGroup;
			children = (
				7834318D26D46FA900C21027 /* Base */,
			);
			name = LaunchScreen.storyboard;
			sourceTree = "<group>";
		};
/* End PBXVariantGroup section */

/* Begin XCBuildConfiguration section */
		7834319026D46FA900C21027 /* Debug */ = {
			isa = XCBuildConfiguration;
			buildSettings = {
				ALWAYS_SEARCH_USER_PATHS = NO;
				CLANG_ANALYZER_NONNULL = YES;
				CLANG_ANALYZER_NUMBER_OBJECT_CONVERSION = YES_AGGRESSIVE;
				CLANG_CXX_LANGUAGE_STANDARD = "gnu++14";
				CLANG_CXX_LIBRARY = "libc++";
				CLANG_ENABLE_MODULES = YES;
				CLANG_ENABLE_OBJC_ARC = YES;
				CLANG_ENABLE_OBJC_WEAK = YES;
				CLANG_WARN_BLOCK_CAPTURE_AUTORELEASING = YES;
				CLANG_WARN_BOOL_CONVERSION = YES;
				CLANG_WARN_COMMA = YES;
				CLANG_WARN_CONSTANT_CONVERSION = YES;
				CLANG_WARN_DEPRECATED_OBJC_IMPLEMENTATIONS = YES;
				CLANG_WARN_DIRECT_OBJC_ISA_USAGE = YES_ERROR;
				CLANG_WARN_DOCUMENTATION_COMMENTS = YES;
				CLANG_WARN_EMPTY_BODY = YES;
				CLANG_WARN_ENUM_CONVERSION = YES;
				CLANG_WARN_INFINITE_RECURSION = YES;
				CLANG_WARN_INT_CONVERSION = YES;
				CLANG_WARN_NON_LITERAL_NULL_CONVERSION = YES;
				CLANG_WARN_OBJC_IMPLICIT_RETAIN_SELF = YES;
				CLANG_WARN_OBJC_LITERAL_CONVERSION = YES;
				CLANG_WARN_OBJC_ROOT_CLASS = YES_ERROR;
				CLANG_WARN_QUOTED_INCLUDE_IN_FRAMEWORK_HEADER = YES;
				CLANG_WARN_RANGE_LOOP_ANALYSIS = YES;
				CLANG_WARN_STRICT_PROTOTYPES = YES;
				CLANG_WARN_SUSPICIOUS_MOVE = YES;
				CLANG_WARN_UNGUARDED_AVAILABILITY = YES_AGGRESSIVE;
				CLANG_WARN_UNREACHABLE_CODE = YES;
				CLANG_WARN__DUPLICATE_METHOD_MATCH = YES;
				COPY_PHASE_STRIP = NO;
				DEBUG_INFORMATION_FORMAT = dwarf;
				ENABLE_BITCODE = NO;
				ENABLE_STRICT_OBJC_MSGSEND = YES;
				ENABLE_TESTABILITY = YES;
				GCC_C_LANGUAGE_STANDARD = gnu11;
				GCC_DYNAMIC_NO_PIC = NO;
				GCC_NO_COMMON_BLOCKS = YES;
				GCC_OPTIMIZATION_LEVEL = 0;
				GCC_PREPROCESSOR_DEFINITIONS = (
					"DEBUG=1",
					"$(inherited)",
				);
				GCC_WARN_64_TO_32_BIT_CONVERSION = YES;
				GCC_WARN_ABOUT_RETURN_TYPE = YES_ERROR;
				GCC_WARN_UNDECLARED_SELECTOR = YES;
				GCC_WARN_UNINITIALIZED_AUTOS = YES_AGGRESSIVE;
				GCC_WARN_UNUSED_FUNCTION = YES;
				GCC_WARN_UNUSED_VARIABLE = YES;
				IPHONEOS_DEPLOYMENT_TARGET = 14.5;
				MTL_ENABLE_DEBUG_INFO = INCLUDE_SOURCE;
				MTL_FAST_MATH = YES;
				ONLY_ACTIVE_ARCH = YES;
				SDKROOT = iphoneos;
				SWIFT_ACTIVE_COMPILATION_CONDITIONS = DEBUG;
				SWIFT_OPTIMIZATION_LEVEL = "-Onone";
			};
			name = Debug;
		};
		7834319126D46FA900C21027 /* Release */ = {
			isa = XCBuildConfiguration;
			buildSettings = {
				ALWAYS_SEARCH_USER_PATHS = NO;
				CLANG_ANALYZER_NONNULL = YES;
				CLANG_ANALYZER_NUMBER_OBJECT_CONVERSION = YES_AGGRESSIVE;
				CLANG_CXX_LANGUAGE_STANDARD = "gnu++14";
				CLANG_CXX_LIBRARY = "libc++";
				CLANG_ENABLE_MODULES = YES;
				CLANG_ENABLE_OBJC_ARC = YES;
				CLANG_ENABLE_OBJC_WEAK = YES;
				CLANG_WARN_BLOCK_CAPTURE_AUTORELEASING = YES;
				CLANG_WARN_BOOL_CONVERSION = YES;
				CLANG_WARN_COMMA = YES;
				CLANG_WARN_CONSTANT_CONVERSION = YES;
				CLANG_WARN_DEPRECATED_OBJC_IMPLEMENTATIONS = YES;
				CLANG_WARN_DIRECT_OBJC_ISA_USAGE = YES_ERROR;
				CLANG_WARN_DOCUMENTATION_COMMENTS = YES;
				CLANG_WARN_EMPTY_BODY = YES;
				CLANG_WARN_ENUM_CONVERSION = YES;
				CLANG_WARN_INFINITE_RECURSION = YES;
				CLANG_WARN_INT_CONVERSION = YES;
				CLANG_WARN_NON_LITERAL_NULL_CONVERSION = YES;
				CLANG_WARN_OBJC_IMPLICIT_RETAIN_SELF = YES;
				CLANG_WARN_OBJC_LITERAL_CONVERSION = YES;
				CLANG_WARN_OBJC_ROOT_CLASS = YES_ERROR;
				CLANG_WARN_QUOTED_INCLUDE_IN_FRAMEWORK_HEADER = YES;
				CLANG_WARN_RANGE_LOOP_ANALYSIS = YES;
				CLANG_WARN_STRICT_PROTOTYPES = YES;
				CLANG_WARN_SUSPICIOUS_MOVE = YES;
				CLANG_WARN_UNGUARDED_AVAILABILITY = YES_AGGRESSIVE;
				CLANG_WARN_UNREACHABLE_CODE = YES;
				CLANG_WARN__DUPLICATE_METHOD_MATCH = YES;
				COPY_PHASE_STRIP = NO;
				DEBUG_INFORMATION_FORMAT = "dwarf-with-dsym";
				ENABLE_BITCODE = NO;
				ENABLE_NS_ASSERTIONS = NO;
				ENABLE_STRICT_OBJC_MSGSEND = YES;
				GCC_C_LANGUAGE_STANDARD = gnu11;
				GCC_NO_COMMON_BLOCKS = YES;
				GCC_WARN_64_TO_32_BIT_CONVERSION = YES;
				GCC_WARN_ABOUT_RETURN_TYPE = YES_ERROR;
				GCC_WARN_UNDECLARED_SELECTOR = YES;
				GCC_WARN_UNINITIALIZED_AUTOS = YES_AGGRESSIVE;
				GCC_WARN_UNUSED_FUNCTION = YES;
				GCC_WARN_UNUSED_VARIABLE = YES;
				IPHONEOS_DEPLOYMENT_TARGET = 14.5;
				MTL_ENABLE_DEBUG_INFO = NO;
				MTL_FAST_MATH = YES;
				SDKROOT = iphoneos;
				SWIFT_COMPILATION_MODE = wholemodule;
				SWIFT_OPTIMIZATION_LEVEL = "-O";
				VALIDATE_PRODUCT = YES;
			};
			name = Release;
		};
		7834319326D46FA900C21027 /* Debug */ = {
			isa = XCBuildConfiguration;
			baseConfigurationReference = 34B748E5927FF1464FE56CEA /* Pods-Safespace.debug.xcconfig */;
			buildSettings = {
				ASSETCATALOG_COMPILER_APPICON_NAME = AppIcon;
				ASSETCATALOG_COMPILER_GLOBAL_ACCENT_COLOR_NAME = AccentColor;
				CODE_SIGN_STYLE = Automatic;
				DEVELOPMENT_TEAM = LERH2UNHBY;
				INFOPLIST_FILE = Safespace/Info.plist;
				LD_RUNPATH_SEARCH_PATHS = (
					"$(inherited)",
					"@executable_path/Frameworks",
				);
				PRODUCT_BUNDLE_IDENTIFIER = com.lyndachiwetelu.Safespace;
				PRODUCT_NAME = "$(TARGET_NAME)";
				SWIFT_VERSION = 5.0;
				TARGETED_DEVICE_FAMILY = "1,2";
			};
			name = Debug;
		};
		7834319426D46FA900C21027 /* Release */ = {
			isa = XCBuildConfiguration;
			baseConfigurationReference = 014F4D971CC7DBA5F0243CEB /* Pods-Safespace.release.xcconfig */;
			buildSettings = {
				ASSETCATALOG_COMPILER_APPICON_NAME = AppIcon;
				ASSETCATALOG_COMPILER_GLOBAL_ACCENT_COLOR_NAME = AccentColor;
				CODE_SIGN_STYLE = Automatic;
				DEVELOPMENT_TEAM = LERH2UNHBY;
				INFOPLIST_FILE = Safespace/Info.plist;
				LD_RUNPATH_SEARCH_PATHS = (
					"$(inherited)",
					"@executable_path/Frameworks",
				);
				PRODUCT_BUNDLE_IDENTIFIER = com.lyndachiwetelu.Safespace;
				PRODUCT_NAME = "$(TARGET_NAME)";
				SWIFT_VERSION = 5.0;
				TARGETED_DEVICE_FAMILY = "1,2";
			};
			name = Release;
		};
/* End XCBuildConfiguration section */

/* Begin XCConfigurationList section */
		7834317926D46FA300C21027 /* Build configuration list for PBXProject "Safespace" */ = {
			isa = XCConfigurationList;
			buildConfigurations = (
				7834319026D46FA900C21027 /* Debug */,
				7834319126D46FA900C21027 /* Release */,
			);
			defaultConfigurationIsVisible = 0;
			defaultConfigurationName = Release;
		};
		7834319226D46FA900C21027 /* Build configuration list for PBXNativeTarget "Safespace" */ = {
			isa = XCConfigurationList;
			buildConfigurations = (
				7834319326D46FA900C21027 /* Debug */,
				7834319426D46FA900C21027 /* Release */,
			);
			defaultConfigurationIsVisible = 0;
			defaultConfigurationName = Release;
		};
/* End XCConfigurationList section */
	};
	rootObject = 7834317626D46FA200C21027 /* Project object */;
}
